
Microsoft Visual Studio Solution File, Format Version 12.00
# Visual Studio Version 17
VisualStudioVersion = 17.5.33627.172
MinimumVisualStudioVersion = 10.0.40219.1
Project("{9A19103F-16F7-4668-BE54-9A1E7A4F7556}") = "Chess", "Chess\Chess.csproj", "{4CFCE4A1-D40B-4AF6-894A-CEC3A6EA11E7}"
EndProject
Global
	GlobalSection(SolutionConfigurationPlatforms) = preSolution
		Debug|Any CPU = Debug|Any CPU
		Release|Any CPU = Release|Any CPU
	EndGlobalSection
	GlobalSection(ProjectConfigurationPlatforms) = postSolution
		{4CFCE4A1-D40B-4AF6-894A-CEC3A6EA11E7}.Debug|Any CPU.ActiveCfg = Debug|Any CPU
		{4CFCE4A1-D40B-4AF6-894A-CEC3A6EA11E7}.Debug|Any CPU.Build.0 = Debug|Any CPU
		{4CFCE4A1-D40B-4AF6-894A-CEC3A6EA11E7}.Release|Any CPU.ActiveCfg = Release|Any CPU
		{4CFCE4A1-D40B-4AF6-894A-CEC3A6EA11E7}.Release|Any CPU.Build.0 = Release|Any CPU
	EndGlobalSection
	GlobalSection(SolutionProperties) = preSolution
		HideSolutionNode = FALSE
	EndGlobalSection
	GlobalSection(ExtensibilityGlobals) = postSolution
		SolutionGuid = {CFE335B2-F6F0-47D4-95EA-E5416BE556C0}
	EndGlobalSection
EndGlobal
